# This file is generated by running "yarn install" inside your project.
# Manual changes might be lost - proceed with caution!

__metadata:
  version: 8
  cacheKey: 10

"pidtree@npm:^0.3.0":
  version: 0.3.1
  resolution: "pidtree@npm:0.3.1"
  bin:
    pidtree: bin/pidtree.js
  checksum: eb85b841cd168151bfadb984f9514d67a884d6962d4a2d250d4e8acf85cf031d7dab080f7272fb2735f9033364e5058c73eeebbee3cf6fd829169a75d19f189a
  languageName: node
  linkType: hard

"pidtree@npm:^0.6.0":
  version: 0.6.0
  resolution: "pidtree@npm:0.6.0"
  bin:
    pidtree: bin/pidtree.js
  checksum: ea67fb3159e170fd069020e0108ba7712df9f0fd13c8db9b2286762856ddce414fb33932e08df4bfe36e91fe860b51852aee49a6f56eb4714b69634343add5df
  languageName: node
  linkType: hard

"pidusage-tree@npm:^2.0.5":
  version: 2.0.5
  resolution: "pidusage-tree@npm:2.0.5"
  dependencies:
    pidtree: "npm:^0.3.0"
    pidusage: "npm:^2.0.16"
  checksum: 3a913b9853148a0214de3d8f4d0d30c1cf1a359981cec09513736f7f9a140ad3fb6d2cc8b9ec7a15e4cb62f7fd84fd70ab621a9d3a4ea9982b05f15cdc9a95e7
  languageName: node
  linkType: hard

"pidusage@npm:^2.0.16":
  version: 2.0.21
  resolution: "pidusage@npm:2.0.21"
  dependencies:
    safe-buffer: "npm:^5.2.1"
  checksum: cce93c34d6885583c131b0681d1f46c97861f0b0c76f5665713fb643398be0144d6942632d7290e6258f5d52440226b7b875718d4ae7f321fafb822348258306
  languageName: node
  linkType: hard

"pidusage@npm:^3.0.2":
  version: 3.0.2
  resolution: "pidusage@npm:3.0.2"
  dependencies:
    safe-buffer: "npm:^5.2.1"
  checksum: cc486a918856f0761cedfa848b9758d42d3096c36b43ae2988f2fa18dbf533403184dd99a334c28a5d5d1b8c7e1710f7c07086892ae2606b11495f4dae946742
  languageName: node
  linkType: hard

"safe-buffer@npm:^5.2.1":
  version: 5.2.1
  resolution: "safe-buffer@npm:5.2.1"
  checksum: 32872cd0ff68a3ddade7a7617b8f4c2ae8764d8b7d884c651b74457967a9e0e886267d3ecc781220629c44a865167b61c375d2da6c720c840ecd73f45d5d9451
  languageName: node
  linkType: hard

"scripts@workspace:.":
  version: 0.0.0-use.local
  resolution: "scripts@workspace:."
  dependencies:
    pidtree: "npm:^0.6.0"
    pidusage: "npm:^3.0.2"
    pidusage-tree: "npm:^2.0.5"
  languageName: unknown
  linkType: soft
