# This file is generated by running "yarn install" inside your project.
# Manual changes might be lost - proceed with caution!

__metadata:
  version: 6
  cacheKey: 8

"pidtree@npm:^0.3.0":
  version: 0.3.1
  resolution: "pidtree@npm:0.3.1"
  bin:
    pidtree: bin/pidtree.js
  checksum: eb49025099f1af89a4696f7673351421f13420f3397b963c901fe23a1c9c2ff50f4750321970d4472c0ffbb065e4a6c3c27f75e226cc62284b19e21d32ce7012
  languageName: node
  linkType: hard

"pidtree@npm:^0.6.0":
  version: 0.6.0
  resolution: "pidtree@npm:0.6.0"
  bin:
    pidtree: bin/pidtree.js
  checksum: 8fbc073ede9209dd15e80d616e65eb674986c93be49f42d9ddde8dbbd141bb53d628a7ca4e58ab5c370bb00383f67d75df59a9a226dede8fa801267a7030c27a
  languageName: node
  linkType: hard

"pidusage-tree@npm:^2.0.5":
  version: 2.0.5
  resolution: "pidusage-tree@npm:2.0.5"
  dependencies:
    pidtree: "npm:^0.3.0"
    pidusage: "npm:^2.0.16"
  checksum: 3a913b9853148a0214de3d8f4d0d30c1cf1a359981cec09513736f7f9a140ad3fb6d2cc8b9ec7a15e4cb62f7fd84fd70ab621a9d3a4ea9982b05f15cdc9a95e7
  languageName: node
  linkType: hard

"pidusage@npm:^2.0.16":
  version: 2.0.21
  resolution: "pidusage@npm:2.0.21"
  dependencies:
    safe-buffer: "npm:^5.2.1"
  checksum: af26115e48de2368138fceb7a99b418ab6c4dd9d6e1ed6991aef2d09e49d076987f395cddd8340ecdf1ccaf126574c2bc5b5c9c392ffacff8ee8a642271f9b12
  languageName: node
  linkType: hard

"pidusage@npm:^3.0.2":
  version: 3.0.2
  resolution: "pidusage@npm:3.0.2"
  dependencies:
    safe-buffer: "npm:^5.2.1"
  checksum: 4939ce5a5efa1238986ea631ad22588104779c8a48e5c8949e0e38662cbaf80cef6d57c699c15f87b7ae129091401a3f140f82d1d3ff7809a9217620f1d6e5da
  languageName: node
  linkType: hard

"safe-buffer@npm:^5.2.1":
  version: 5.2.1
  resolution: "safe-buffer@npm:5.2.1"
  checksum: b99c4b41fdd67a6aaf280fcd05e9ffb0813654894223afb78a31f14a19ad220bba8aba1cb14eddce1fcfb037155fe6de4e861784eb434f7d11ed58d1e70dd491
  languageName: node
  linkType: hard

"scripts@workspace:.":
  version: 0.0.0-use.local
  resolution: "scripts@workspace:."
  dependencies:
    pidtree: ^0.6.0
    pidusage: ^3.0.2
    pidusage-tree: ^2.0.5
  languageName: unknown
  linkType: soft
