# This file is generated by running "yarn install" inside your project.
# Manual changes might be lost - proceed with caution!

__metadata:
  version: 8
  cacheKey: 10c0

"pidtree@npm:^0.3.0":
  version: 0.3.1
  resolution: "pidtree@npm:0.3.1"
  bin:
    pidtree: bin/pidtree.js
  checksum: cd69b0182f749f45ab48584e3442c48c5dc4512502c18d5b0147a33b042c41a4db4269b9ce2f7c48f11833ee5e79d81f5ebc6f7bf8372d4ea55726f60dc505a1
  languageName: node
  linkType: hard

"pidusage-tree@npm:^2.0.5":
  version: 2.0.5
  resolution: "pidusage-tree@npm:2.0.5"
  dependencies:
    pidtree: "npm:^0.3.0"
    pidusage: "npm:^2.0.16"
  checksum: b2df207dac44aafb8f1684727fde6ee6bf8df9ce7c6169aa494534c0dd987b4fa7ee82c9d059dfa0b4adde769f28a2a0eeae49700643569153167b778c705c60
  languageName: node
  linkType: hard

"pidusage@npm:^2.0.16":
  version: 2.0.21
  resolution: "pidusage@npm:2.0.21"
  dependencies:
    safe-buffer: "npm:^5.2.1"
  checksum: 3f8e398c873d21452c88d675a3f6e7b0e00993eb2e2c4d5669c10a977c3c625ca25163c8b14e31d0f2080e82b97d813ce22559bedcd06e073c69241973be8615
  languageName: node
  linkType: hard

"safe-buffer@npm:^5.2.1":
  version: 5.2.1
  resolution: "safe-buffer@npm:5.2.1"
  checksum: 6501914237c0a86e9675d4e51d89ca3c21ffd6a31642efeba25ad65720bce6921c9e7e974e5be91a786b25aa058b5303285d3c15dbabf983a919f5f630d349f3
  languageName: node
  linkType: hard

"scripts@workspace:.":
  version: 0.0.0-use.local
  resolution: "scripts@workspace:."
  dependencies:
    pidusage-tree: "npm:^2.0.5"
  languageName: unknown
  linkType: soft
